# THIS IS AN AUTOGENERATED FILE. DO NOT EDIT THIS FILE DIRECTLY.
# yarn lockfile v1


"101@^1.0.0", "101@^1.2.0":
  version "1.6.3"
  resolved "https://registry.yarnpkg.com/101/-/101-1.6.3.tgz#9071196e60c47e4ce327075cf49c0ad79bd822fd"
  dependencies:
    clone "^1.0.2"
    deep-eql "^0.1.3"
    keypather "^1.10.2"

assert-args@^1.2.1:
  version "1.2.1"
  resolved "https://registry.yarnpkg.com/assert-args/-/assert-args-1.2.1.tgz#404103a1452a32fe77898811e54e590a8a9373bd"
  dependencies:
    "101" "^1.2.0"
    compound-subject "0.0.1"
    debug "^2.2.0"
    get-prototype-of "0.0.0"
    is-capitalized "^1.0.0"
    is-class "0.0.4"

async-limiter@~1.0.0:
  version "1.0.0"
  resolved "https://registry.yarnpkg.com/async-limiter/-/async-limiter-1.0.0.tgz#78faed8c3d074ab81f22b4e985d79e8738f720f8"

babel-runtime@^6.26.0:
  version "6.26.0"
  resolved "https://registry.yarnpkg.com/babel-runtime/-/babel-runtime-6.26.0.tgz#965c7058668e82b55d7bfe04ff2337bc8b5647fe"
  dependencies:
    core-js "^2.4.0"
    regenerator-runtime "^0.11.0"

circular-json@^0.5.5:
  version "0.5.7"
  resolved "https://registry.yarnpkg.com/circular-json/-/circular-json-0.5.7.tgz#b8be478d72ea58c7eeda26bf1cf1fba43d188842"

clone@^1.0.2:
  version "1.0.4"
  resolved "https://registry.yarnpkg.com/clone/-/clone-1.0.4.tgz#da309cc263df15994c688ca902179ca3c7cd7c7e"

compound-subject@0.0.1:
  version "0.0.1"
  resolved "https://registry.yarnpkg.com/compound-subject/-/compound-subject-0.0.1.tgz#271554698a15ae608b1dfcafd30b7ba1ea892c4b"

core-js@^2.4.0:
  version "2.5.7"
  resolved "https://registry.yarnpkg.com/core-js/-/core-js-2.5.7.tgz#f972608ff0cead68b841a16a932d0b183791814e"

debug@^2.2.0:
  version "2.6.9"
  resolved "https://registry.yarnpkg.com/debug/-/debug-2.6.9.tgz#5d128515df134ff327e90a4c93f4e077a536341f"
  dependencies:
    ms "2.0.0"

deep-eql@^0.1.3:
  version "0.1.3"
  resolved "https://registry.yarnpkg.com/deep-eql/-/deep-eql-0.1.3.tgz#ef558acab8de25206cd713906d74e56930eb69f2"
  dependencies:
    type-detect "0.1.1"

eventemitter3@^3.1.0:
  version "3.1.0"
  resolved "https://registry.yarnpkg.com/eventemitter3/-/eventemitter3-3.1.0.tgz#090b4d6cdbd645ed10bf750d4b5407942d7ba163"

get-prototype-of@0.0.0:
  version "0.0.0"
  resolved "https://registry.yarnpkg.com/get-prototype-of/-/get-prototype-of-0.0.0.tgz#98772bd10716d16deb4b322516c469efca28ac44"

is-capitalized@^1.0.0:
  version "1.0.0"
  resolved "https://registry.yarnpkg.com/is-capitalized/-/is-capitalized-1.0.0.tgz#4c8464b4d91d3e4eeb44889dd2cd8f1b0ac4c136"

is-class@0.0.4:
  version "0.0.4"
  resolved "https://registry.yarnpkg.com/is-class/-/is-class-0.0.4.tgz#e057451705bb34e39e3e33598c93a9837296b736"

keypather@^1.10.2:
  version "1.10.2"
  resolved "https://registry.yarnpkg.com/keypather/-/keypather-1.10.2.tgz#e0449632d4b3e516f21cc014ce7c5644fddce614"
  dependencies:
    "101" "^1.0.0"

ms@2.0.0:
  version "2.0.0"
  resolved "https://registry.yarnpkg.com/ms/-/ms-2.0.0.tgz#5608aeadfc00be6c2901df5f9861788de0d597c8"

regenerator-runtime@^0.11.0:
  version "0.11.1"
  resolved "https://registry.yarnpkg.com/regenerator-runtime/-/regenerator-runtime-0.11.1.tgz#be05ad7f9bf7d22e056f9726cee5017fbf19e2e9"

rpc-websockets@^4.3.3:
  version "4.3.3"
  resolved "https://registry.yarnpkg.com/rpc-websockets/-/rpc-websockets-4.3.3.tgz#5653ccabecbd413e652a3a2a86768a9a13707826"
  dependencies:
    assert-args "^1.2.1"
    babel-runtime "^6.26.0"
    circular-json "^0.5.5"
    eventemitter3 "^3.1.0"
    uuid "^3.3.2"
    ws "^5.2.2"

type-detect@0.1.1:
  version "0.1.1"
  resolved "https://registry.yarnpkg.com/type-detect/-/type-detect-0.1.1.tgz#0ba5ec2a885640e470ea4e8505971900dac58822"

typescript@^3.1.2:
  version "3.1.2"
  resolved "https://registry.yarnpkg.com/typescript/-/typescript-3.1.2.tgz#c03a5d16f30bb60ad8bb6fe8e7cb212eedeec950"

uuid@^3.3.2:
  version "3.3.2"
  resolved "https://registry.yarnpkg.com/uuid/-/uuid-3.3.2.tgz#1b4af4955eb3077c501c23872fc6513811587131"

ws@^5.2.2:
  version "5.2.2"
  resolved "https://registry.yarnpkg.com/ws/-/ws-5.2.2.tgz#dffef14866b8e8dc9133582514d1befaf96e980f"
  dependencies:
    async-limiter "~1.0.0"
